
Microsoft Visual Studio Solution File, Format Version 12.00
# Visual Studio 15
VisualStudioVersion = 15.0.28010.2036
MinimumVisualStudioVersion = 10.0.40219.1
Project("{FAE04EC0-301F-11D3-BF4B-00C04F79EFBC}") = "oop", "oop\oop.csproj", "{86831349-3B31-443B-B024-982839F3CD03}"
EndProject
Global
	GlobalSection(SolutionConfigurationPlatforms) = preSolution
		Debug|Any CPU = Debug|Any CPU
		Release|Any CPU = Release|Any CPU
	EndGlobalSection
	GlobalSection(ProjectConfigurationPlatforms) = postSolution
		{86831349-3B31-443B-B024-982839F3CD03}.Debug|Any CPU.ActiveCfg = Debug|Any CPU
		{86831349-3B31-443B-B024-982839F3CD03}.Debug|Any CPU.Build.0 = Debug|Any CPU
		{86831349-3B31-443B-B024-982839F3CD03}.Release|Any CPU.ActiveCfg = Release|Any CPU
		{86831349-3B31-443B-B024-982839F3CD03}.Release|Any CPU.Build.0 = Release|Any CPU
	EndGlobalSection
	GlobalSection(SolutionProperties) = preSolution
		HideSolutionNode = FALSE
	EndGlobalSection
	GlobalSection(ExtensibilityGlobals) = postSolution
		SolutionGuid = {6B12043A-A5E6-403E-8FAD-1BD3B6B23DE6}
	EndGlobalSection
EndGlobal
